
Microsoft Visual Studio Solution File, Format Version 12.00
# Visual Studio 15
VisualStudioVersion = 15.0.26507.0
MinimumVisualStudioVersion = 10.0.40219.1
Project("{FAE04EC0-301F-11D3-BF4B-00C04F79EFBC}") = "desktop", "desktop\desktop.csproj", "{B2C35178-5E42-4010-A72A-938711D7F8F0}"
	ProjectSection(ProjectDependencies) = postProject
		{FBA029C3-B184-4457-AEEC-38D0C2523067} = {FBA029C3-B184-4457-AEEC-38D0C2523067}
	EndProjectSection
EndProject
Project("{9A19103F-16F7-4668-BE54-9A1E7A4F7556}") = "ILCompiler", "src\ILCompiler.csproj", "{DD5B6BAA-D41A-4A6E-9E7D-83060F394B10}"
EndProject
Project("{FAE04EC0-301F-11D3-BF4B-00C04F79EFBC}") = "repro", "repro\repro.csproj", "{FBA029C3-B184-4457-AEEC-38D0C2523067}"
EndProject
Project("{136993D1-B753-4487-9E24-E834774B942A}") = "ilrepro", "ilrepro\ilrepro.ilproj", "{136993D1-B753-4487-9E24-E834774B942A}"
EndProject
Project("{9A19103F-16F7-4668-BE54-9A1E7A4F7556}") = "ILCompiler.TypeSystem", "..\ILCompiler.TypeSystem\src\ILCompiler.TypeSystem.csproj", "{1A9DF196-43A9-44BB-B2C6-D62AA56B0E49}"
EndProject
Project("{9A19103F-16F7-4668-BE54-9A1E7A4F7556}") = "ILCompiler.DependencyAnalysisFramework", "..\ILCompiler.DependencyAnalysisFramework\src\ILCompiler.DependencyAnalysisFramework.csproj", "{DAC23E9F-F826-4577-AE7A-0849FF83280C}"
EndProject
Project("{9A19103F-16F7-4668-BE54-9A1E7A4F7556}") = "ILCompiler.Compiler", "..\ILCompiler.Compiler\src\ILCompiler.Compiler.csproj", "{13BB3788-C3EB-4046-8105-A95F8AE49404}"
EndProject
Project("{FAE04EC0-301F-11D3-BF4B-00C04F79EFBC}") = "System.Private.CoreLib", "..\System.Private.CoreLib\src\System.Private.CoreLib.csproj", "{BE95C560-B508-4588-8907-F9FC5BC1A0CF}"
EndProject
Project("{9A19103F-16F7-4668-BE54-9A1E7A4F7556}") = "ILCompiler.MetadataWriter", "..\ILCompiler.MetadataWriter\src\ILCompiler.MetadataWriter.csproj", "{D66338D4-F9E4-4051-B302-232C6BFB6EF6}"
EndProject
Project("{9A19103F-16F7-4668-BE54-9A1E7A4F7556}") = "ILCompiler.MetadataTransform", "..\ILCompiler.MetadataTransform\src\ILCompiler.MetadataTransform.csproj", "{A965EA82-219D-48F7-AD51-BC030C16CC6F}"
EndProject
Project("{9A19103F-16F7-4668-BE54-9A1E7A4F7556}") = "ILCompiler.CppCodegen", "..\ILCompiler.CppCodegen\src\ILCompiler.CppCodegen.csproj", "{971AE7E7-08C6-48B4-902A-63851E6DAC66}"
EndProject
Global
	GlobalSection(SharedMSBuildProjectFiles) = preSolution
		..\System.Private.CoreLib\shared\System.Private.CoreLib.Shared.projitems*{be95c560-b508-4588-8907-f9fc5bc1a0cf}*SharedItemsImports = 4
	EndGlobalSection
	GlobalSection(SolutionConfigurationPlatforms) = preSolution
		Debug|Any CPU = Debug|Any CPU
		Debug|arm = Debug|arm
		Debug|arm64 = Debug|arm64
		Debug|armel = Debug|armel
		Debug|x64 = Debug|x64
		Debug|x86 = Debug|x86
		Release|Any CPU = Release|Any CPU
		Release|arm = Release|arm
		Release|arm64 = Release|arm64
		Release|armel = Release|armel
		Release|x64 = Release|x64
		Release|x86 = Release|x86
	EndGlobalSection
	GlobalSection(ProjectConfigurationPlatforms) = postSolution
		{B2C35178-5E42-4010-A72A-938711D7F8F0}.Debug|Any CPU.ActiveCfg = Debug|x86
		{B2C35178-5E42-4010-A72A-938711D7F8F0}.Debug|arm.ActiveCfg = Debug|arm
		{B2C35178-5E42-4010-A72A-938711D7F8F0}.Debug|arm.Build.0 = Debug|arm
		{B2C35178-5E42-4010-A72A-938711D7F8F0}.Debug|arm64.ActiveCfg = Debug|arm64
		{B2C35178-5E42-4010-A72A-938711D7F8F0}.Debug|arm64.Build.0 = Debug|arm64
		{B2C35178-5E42-4010-A72A-938711D7F8F0}.Debug|armel.ActiveCfg = Debug|armel
		{B2C35178-5E42-4010-A72A-938711D7F8F0}.Debug|armel.Build.0 = Debug|armel
		{B2C35178-5E42-4010-A72A-938711D7F8F0}.Debug|x64.ActiveCfg = Debug|x64
		{B2C35178-5E42-4010-A72A-938711D7F8F0}.Debug|x64.Build.0 = Debug|x64
		{B2C35178-5E42-4010-A72A-938711D7F8F0}.Debug|x86.ActiveCfg = Debug|x86
		{B2C35178-5E42-4010-A72A-938711D7F8F0}.Debug|x86.Build.0 = Debug|x86
		{B2C35178-5E42-4010-A72A-938711D7F8F0}.Release|Any CPU.ActiveCfg = Release|x86
		{B2C35178-5E42-4010-A72A-938711D7F8F0}.Release|arm.ActiveCfg = Release|arm
		{B2C35178-5E42-4010-A72A-938711D7F8F0}.Release|arm.Build.0 = Release|arm
		{B2C35178-5E42-4010-A72A-938711D7F8F0}.Release|arm64.ActiveCfg = Release|arm64
		{B2C35178-5E42-4010-A72A-938711D7F8F0}.Release|arm64.Build.0 = Release|arm64
		{B2C35178-5E42-4010-A72A-938711D7F8F0}.Release|armel.ActiveCfg = Release|armel
		{B2C35178-5E42-4010-A72A-938711D7F8F0}.Release|armel.Build.0 = Release|armel
		{B2C35178-5E42-4010-A72A-938711D7F8F0}.Release|x64.ActiveCfg = Release|x64
		{B2C35178-5E42-4010-A72A-938711D7F8F0}.Release|x64.Build.0 = Release|x64
		{B2C35178-5E42-4010-A72A-938711D7F8F0}.Release|x86.ActiveCfg = Release|x86
		{B2C35178-5E42-4010-A72A-938711D7F8F0}.Release|x86.Build.0 = Release|x86
		{DD5B6BAA-D41A-4A6E-9E7D-83060F394B10}.Debug|Any CPU.ActiveCfg = Debug|Any CPU
		{DD5B6BAA-D41A-4A6E-9E7D-83060F394B10}.Debug|Any CPU.Build.0 = Debug|Any CPU
		{DD5B6BAA-D41A-4A6E-9E7D-83060F394B10}.Debug|arm.ActiveCfg = Debug|arm
		{DD5B6BAA-D41A-4A6E-9E7D-83060F394B10}.Debug|arm.Build.0 = Debug|arm
		{DD5B6BAA-D41A-4A6E-9E7D-83060F394B10}.Debug|arm64.ActiveCfg = Debug|arm64
		{DD5B6BAA-D41A-4A6E-9E7D-83060F394B10}.Debug|arm64.Build.0 = Debug|arm64
		{DD5B6BAA-D41A-4A6E-9E7D-83060F394B10}.Debug|armel.ActiveCfg = Debug|armel
		{DD5B6BAA-D41A-4A6E-9E7D-83060F394B10}.Debug|armel.Build.0 = Debug|armel
		{DD5B6BAA-D41A-4A6E-9E7D-83060F394B10}.Debug|x64.ActiveCfg = Debug|Any CPU
		{DD5B6BAA-D41A-4A6E-9E7D-83060F394B10}.Debug|x64.Build.0 = Debug|Any CPU
		{DD5B6BAA-D41A-4A6E-9E7D-83060F394B10}.Debug|x86.ActiveCfg = Debug|x86
		{DD5B6BAA-D41A-4A6E-9E7D-83060F394B10}.Debug|x86.Build.0 = Debug|x86
		{DD5B6BAA-D41A-4A6E-9E7D-83060F394B10}.Release|Any CPU.ActiveCfg = Release|Any CPU
		{DD5B6BAA-D41A-4A6E-9E7D-83060F394B10}.Release|Any CPU.Build.0 = Release|Any CPU
		{DD5B6BAA-D41A-4A6E-9E7D-83060F394B10}.Release|arm.ActiveCfg = Release|arm
		{DD5B6BAA-D41A-4A6E-9E7D-83060F394B10}.Release|arm.Build.0 = Release|arm
		{DD5B6BAA-D41A-4A6E-9E7D-83060F394B10}.Release|arm64.ActiveCfg = Release|arm64
		{DD5B6BAA-D41A-4A6E-9E7D-83060F394B10}.Release|arm64.Build.0 = Release|arm64
		{DD5B6BAA-D41A-4A6E-9E7D-83060F394B10}.Release|armel.ActiveCfg = Release|armel
		{DD5B6BAA-D41A-4A6E-9E7D-83060F394B10}.Release|armel.Build.0 = Release|armel
		{DD5B6BAA-D41A-4A6E-9E7D-83060F394B10}.Release|x64.ActiveCfg = Release|Any CPU
		{DD5B6BAA-D41A-4A6E-9E7D-83060F394B10}.Release|x64.Build.0 = Release|Any CPU
		{DD5B6BAA-D41A-4A6E-9E7D-83060F394B10}.Release|x86.ActiveCfg = Release|x86
		{DD5B6BAA-D41A-4A6E-9E7D-83060F394B10}.Release|x86.Build.0 = Release|x86
		{FBA029C3-B184-4457-AEEC-38D0C2523067}.Debug|Any CPU.ActiveCfg = Debug|Any CPU
		{FBA029C3-B184-4457-AEEC-38D0C2523067}.Debug|Any CPU.Build.0 = Debug|Any CPU
		{FBA029C3-B184-4457-AEEC-38D0C2523067}.Debug|arm.ActiveCfg = Debug|arm
		{FBA029C3-B184-4457-AEEC-38D0C2523067}.Debug|arm.Build.0 = Debug|arm
		{FBA029C3-B184-4457-AEEC-38D0C2523067}.Debug|arm64.ActiveCfg = Debug|arm64
		{FBA029C3-B184-4457-AEEC-38D0C2523067}.Debug|arm64.Build.0 = Debug|arm64
		{FBA029C3-B184-4457-AEEC-38D0C2523067}.Debug|armel.ActiveCfg = Debug|armel
		{FBA029C3-B184-4457-AEEC-38D0C2523067}.Debug|armel.Build.0 = Debug|armel
		{FBA029C3-B184-4457-AEEC-38D0C2523067}.Debug|x64.ActiveCfg = Debug|Any CPU
		{FBA029C3-B184-4457-AEEC-38D0C2523067}.Debug|x64.Build.0 = Debug|Any CPU
		{FBA029C3-B184-4457-AEEC-38D0C2523067}.Debug|x86.ActiveCfg = Debug|x86
		{FBA029C3-B184-4457-AEEC-38D0C2523067}.Debug|x86.Build.0 = Debug|x86
		{FBA029C3-B184-4457-AEEC-38D0C2523067}.Release|Any CPU.ActiveCfg = Release|Any CPU
		{FBA029C3-B184-4457-AEEC-38D0C2523067}.Release|Any CPU.Build.0 = Release|Any CPU
		{FBA029C3-B184-4457-AEEC-38D0C2523067}.Release|arm.ActiveCfg = Release|arm
		{FBA029C3-B184-4457-AEEC-38D0C2523067}.Release|arm.Build.0 = Release|arm
		{FBA029C3-B184-4457-AEEC-38D0C2523067}.Release|arm64.ActiveCfg = Release|arm64
		{FBA029C3-B184-4457-AEEC-38D0C2523067}.Release|arm64.Build.0 = Release|arm64
		{FBA029C3-B184-4457-AEEC-38D0C2523067}.Release|armel.ActiveCfg = Release|armel
		{FBA029C3-B184-4457-AEEC-38D0C2523067}.Release|armel.Build.0 = Release|armel
		{FBA029C3-B184-4457-AEEC-38D0C2523067}.Release|x64.ActiveCfg = Release|Any CPU
		{FBA029C3-B184-4457-AEEC-38D0C2523067}.Release|x64.Build.0 = Release|Any CPU
		{FBA029C3-B184-4457-AEEC-38D0C2523067}.Release|x86.ActiveCfg = Release|x86
		{FBA029C3-B184-4457-AEEC-38D0C2523067}.Release|x86.Build.0 = Release|x86
		{1A9DF196-43A9-44BB-B2C6-D62AA56B0E49}.Debug|Any CPU.ActiveCfg = Debug|Any CPU
		{1A9DF196-43A9-44BB-B2C6-D62AA56B0E49}.Debug|Any CPU.Build.0 = Debug|Any CPU
		{1A9DF196-43A9-44BB-B2C6-D62AA56B0E49}.Debug|arm.ActiveCfg = Debug|arm
		{1A9DF196-43A9-44BB-B2C6-D62AA56B0E49}.Debug|arm.Build.0 = Debug|arm
		{1A9DF196-43A9-44BB-B2C6-D62AA56B0E49}.Debug|arm64.ActiveCfg = Debug|arm64
		{1A9DF196-43A9-44BB-B2C6-D62AA56B0E49}.Debug|arm64.Build.0 = Debug|arm64
		{1A9DF196-43A9-44BB-B2C6-D62AA56B0E49}.Debug|armel.ActiveCfg = Debug|armel
		{1A9DF196-43A9-44BB-B2C6-D62AA56B0E49}.Debug|armel.Build.0 = Debug|armel
		{1A9DF196-43A9-44BB-B2C6-D62AA56B0E49}.Debug|x64.ActiveCfg = Debug|Any CPU
		{1A9DF196-43A9-44BB-B2C6-D62AA56B0E49}.Debug|x64.Build.0 = Debug|Any CPU
		{1A9DF196-43A9-44BB-B2C6-D62AA56B0E49}.Debug|x86.ActiveCfg = Debug|x86
		{1A9DF196-43A9-44BB-B2C6-D62AA56B0E49}.Debug|x86.Build.0 = Debug|x86
		{1A9DF196-43A9-44BB-B2C6-D62AA56B0E49}.Release|Any CPU.ActiveCfg = Release|Any CPU
		{1A9DF196-43A9-44BB-B2C6-D62AA56B0E49}.Release|Any CPU.Build.0 = Release|Any CPU
		{1A9DF196-43A9-44BB-B2C6-D62AA56B0E49}.Release|arm.ActiveCfg = Release|arm
		{1A9DF196-43A9-44BB-B2C6-D62AA56B0E49}.Release|arm.Build.0 = Release|arm
		{1A9DF196-43A9-44BB-B2C6-D62AA56B0E49}.Release|arm64.ActiveCfg = Release|arm64
		{1A9DF196-43A9-44BB-B2C6-D62AA56B0E49}.Release|arm64.Build.0 = Release|arm64
		{1A9DF196-43A9-44BB-B2C6-D62AA56B0E49}.Release|armel.ActiveCfg = Release|armel
		{1A9DF196-43A9-44BB-B2C6-D62AA56B0E49}.Release|armel.Build.0 = Release|armel
		{1A9DF196-43A9-44BB-B2C6-D62AA56B0E49}.Release|x64.ActiveCfg = Release|Any CPU
		{1A9DF196-43A9-44BB-B2C6-D62AA56B0E49}.Release|x64.Build.0 = Release|Any CPU
		{1A9DF196-43A9-44BB-B2C6-D62AA56B0E49}.Release|x86.ActiveCfg = Release|x86
		{1A9DF196-43A9-44BB-B2C6-D62AA56B0E49}.Release|x86.Build.0 = Release|x86
		{DAC23E9F-F826-4577-AE7A-0849FF83280C}.Debug|Any CPU.ActiveCfg = Debug|Any CPU
		{DAC23E9F-F826-4577-AE7A-0849FF83280C}.Debug|Any CPU.Build.0 = Debug|Any CPU
		{DAC23E9F-F826-4577-AE7A-0849FF83280C}.Debug|arm.ActiveCfg = Debug|arm
		{DAC23E9F-F826-4577-AE7A-0849FF83280C}.Debug|arm.Build.0 = Debug|arm
		{DAC23E9F-F826-4577-AE7A-0849FF83280C}.Debug|arm64.ActiveCfg = Debug|arm64
		{DAC23E9F-F826-4577-AE7A-0849FF83280C}.Debug|arm64.Build.0 = Debug|arm64
		{DAC23E9F-F826-4577-AE7A-0849FF83280C}.Debug|armel.ActiveCfg = Debug|armel
		{DAC23E9F-F826-4577-AE7A-0849FF83280C}.Debug|armel.Build.0 = Debug|armel
		{DAC23E9F-F826-4577-AE7A-0849FF83280C}.Debug|x64.ActiveCfg = Debug|Any CPU
		{DAC23E9F-F826-4577-AE7A-0849FF83280C}.Debug|x64.Build.0 = Debug|Any CPU
		{DAC23E9F-F826-4577-AE7A-0849FF83280C}.Debug|x86.ActiveCfg = Debug|x86
		{DAC23E9F-F826-4577-AE7A-0849FF83280C}.Debug|x86.Build.0 = Debug|x86
		{DAC23E9F-F826-4577-AE7A-0849FF83280C}.Release|Any CPU.ActiveCfg = Release|Any CPU
		{DAC23E9F-F826-4577-AE7A-0849FF83280C}.Release|Any CPU.Build.0 = Release|Any CPU
		{DAC23E9F-F826-4577-AE7A-0849FF83280C}.Release|arm.ActiveCfg = Release|arm
		{DAC23E9F-F826-4577-AE7A-0849FF83280C}.Release|arm.Build.0 = Release|arm
		{DAC23E9F-F826-4577-AE7A-0849FF83280C}.Release|arm64.ActiveCfg = Release|arm64
		{DAC23E9F-F826-4577-AE7A-0849FF83280C}.Release|arm64.Build.0 = Release|arm64
		{DAC23E9F-F826-4577-AE7A-0849FF83280C}.Release|armel.ActiveCfg = Release|armel
		{DAC23E9F-F826-4577-AE7A-0849FF83280C}.Release|armel.Build.0 = Release|armel
		{DAC23E9F-F826-4577-AE7A-0849FF83280C}.Release|x64.ActiveCfg = Release|Any CPU
		{DAC23E9F-F826-4577-AE7A-0849FF83280C}.Release|x64.Build.0 = Release|Any CPU
		{DAC23E9F-F826-4577-AE7A-0849FF83280C}.Release|x86.ActiveCfg = Release|x86
		{DAC23E9F-F826-4577-AE7A-0849FF83280C}.Release|x86.Build.0 = Release|x86
		{13BB3788-C3EB-4046-8105-A95F8AE49404}.Debug|Any CPU.ActiveCfg = Debug|Any CPU
		{13BB3788-C3EB-4046-8105-A95F8AE49404}.Debug|Any CPU.Build.0 = Debug|Any CPU
		{13BB3788-C3EB-4046-8105-A95F8AE49404}.Debug|arm.ActiveCfg = Debug|arm
		{13BB3788-C3EB-4046-8105-A95F8AE49404}.Debug|arm.Build.0 = Debug|arm
		{13BB3788-C3EB-4046-8105-A95F8AE49404}.Debug|arm64.ActiveCfg = Debug|arm64
		{13BB3788-C3EB-4046-8105-A95F8AE49404}.Debug|arm64.Build.0 = Debug|arm64
		{13BB3788-C3EB-4046-8105-A95F8AE49404}.Debug|armel.ActiveCfg = Debug|armel
		{13BB3788-C3EB-4046-8105-A95F8AE49404}.Debug|armel.Build.0 = Debug|armel
		{13BB3788-C3EB-4046-8105-A95F8AE49404}.Debug|x64.ActiveCfg = Debug|Any CPU
		{13BB3788-C3EB-4046-8105-A95F8AE49404}.Debug|x64.Build.0 = Debug|Any CPU
		{13BB3788-C3EB-4046-8105-A95F8AE49404}.Debug|x86.ActiveCfg = Debug|x86
		{13BB3788-C3EB-4046-8105-A95F8AE49404}.Debug|x86.Build.0 = Debug|x86
		{13BB3788-C3EB-4046-8105-A95F8AE49404}.Release|Any CPU.ActiveCfg = Release|Any CPU
		{13BB3788-C3EB-4046-8105-A95F8AE49404}.Release|Any CPU.Build.0 = Release|Any CPU
		{13BB3788-C3EB-4046-8105-A95F8AE49404}.Release|arm.ActiveCfg = Release|arm
		{13BB3788-C3EB-4046-8105-A95F8AE49404}.Release|arm.Build.0 = Release|arm
		{13BB3788-C3EB-4046-8105-A95F8AE49404}.Release|arm64.ActiveCfg = Release|arm64
		{13BB3788-C3EB-4046-8105-A95F8AE49404}.Release|arm64.Build.0 = Release|arm64
		{13BB3788-C3EB-4046-8105-A95F8AE49404}.Release|armel.ActiveCfg = Release|armel
		{13BB3788-C3EB-4046-8105-A95F8AE49404}.Release|armel.Build.0 = Release|armel
		{13BB3788-C3EB-4046-8105-A95F8AE49404}.Release|x64.ActiveCfg = Release|Any CPU
		{13BB3788-C3EB-4046-8105-A95F8AE49404}.Release|x64.Build.0 = Release|Any CPU
		{13BB3788-C3EB-4046-8105-A95F8AE49404}.Release|x86.ActiveCfg = Release|x86
		{13BB3788-C3EB-4046-8105-A95F8AE49404}.Release|x86.Build.0 = Release|x86
		{BE95C560-B508-4588-8907-F9FC5BC1A0CF}.Debug|Any CPU.ActiveCfg = Debug|x86
		{BE95C560-B508-4588-8907-F9FC5BC1A0CF}.Debug|arm.ActiveCfg = Debug|arm
		{BE95C560-B508-4588-8907-F9FC5BC1A0CF}.Debug|arm.Build.0 = Debug|arm
		{BE95C560-B508-4588-8907-F9FC5BC1A0CF}.Debug|arm64.ActiveCfg = Debug|arm64
		{BE95C560-B508-4588-8907-F9FC5BC1A0CF}.Debug|arm64.Build.0 = Debug|arm64
		{BE95C560-B508-4588-8907-F9FC5BC1A0CF}.Debug|armel.ActiveCfg = Debug|armel
		{BE95C560-B508-4588-8907-F9FC5BC1A0CF}.Debug|armel.Build.0 = Debug|armel
		{BE95C560-B508-4588-8907-F9FC5BC1A0CF}.Debug|x64.ActiveCfg = Debug|x64
		{BE95C560-B508-4588-8907-F9FC5BC1A0CF}.Debug|x64.Build.0 = Debug|x64
		{BE95C560-B508-4588-8907-F9FC5BC1A0CF}.Debug|x86.ActiveCfg = Debug|x86
		{BE95C560-B508-4588-8907-F9FC5BC1A0CF}.Debug|x86.Build.0 = Debug|x86
		{BE95C560-B508-4588-8907-F9FC5BC1A0CF}.Release|Any CPU.ActiveCfg = Release|x86
		{BE95C560-B508-4588-8907-F9FC5BC1A0CF}.Release|arm.ActiveCfg = Release|arm
		{BE95C560-B508-4588-8907-F9FC5BC1A0CF}.Release|arm.Build.0 = Release|arm
		{BE95C560-B508-4588-8907-F9FC5BC1A0CF}.Release|arm64.ActiveCfg = Release|arm64
		{BE95C560-B508-4588-8907-F9FC5BC1A0CF}.Release|arm64.Build.0 = Release|arm64
		{BE95C560-B508-4588-8907-F9FC5BC1A0CF}.Release|armel.ActiveCfg = Release|armel
		{BE95C560-B508-4588-8907-F9FC5BC1A0CF}.Release|armel.Build.0 = Release|armel
		{BE95C560-B508-4588-8907-F9FC5BC1A0CF}.Release|x64.ActiveCfg = Release|x64
		{BE95C560-B508-4588-8907-F9FC5BC1A0CF}.Release|x64.Build.0 = Release|x64
		{BE95C560-B508-4588-8907-F9FC5BC1A0CF}.Release|x86.ActiveCfg = Release|x86
		{BE95C560-B508-4588-8907-F9FC5BC1A0CF}.Release|x86.Build.0 = Release|x86
		{D66338D4-F9E4-4051-B302-232C6BFB6EF6}.Debug|Any CPU.ActiveCfg = Debug|Any CPU
		{D66338D4-F9E4-4051-B302-232C6BFB6EF6}.Debug|Any CPU.Build.0 = Debug|Any CPU
		{D66338D4-F9E4-4051-B302-232C6BFB6EF6}.Debug|arm.ActiveCfg = Debug|arm
		{D66338D4-F9E4-4051-B302-232C6BFB6EF6}.Debug|arm.Build.0 = Debug|arm
		{D66338D4-F9E4-4051-B302-232C6BFB6EF6}.Debug|arm64.ActiveCfg = Debug|arm64
		{D66338D4-F9E4-4051-B302-232C6BFB6EF6}.Debug|arm64.Build.0 = Debug|arm64
		{D66338D4-F9E4-4051-B302-232C6BFB6EF6}.Debug|armel.ActiveCfg = Debug|armel
		{D66338D4-F9E4-4051-B302-232C6BFB6EF6}.Debug|armel.Build.0 = Debug|armel
		{D66338D4-F9E4-4051-B302-232C6BFB6EF6}.Debug|x64.ActiveCfg = Debug|Any CPU
		{D66338D4-F9E4-4051-B302-232C6BFB6EF6}.Debug|x64.Build.0 = Debug|Any CPU
		{D66338D4-F9E4-4051-B302-232C6BFB6EF6}.Debug|x86.ActiveCfg = Debug|x86
		{D66338D4-F9E4-4051-B302-232C6BFB6EF6}.Debug|x86.Build.0 = Debug|x86
		{D66338D4-F9E4-4051-B302-232C6BFB6EF6}.Release|Any CPU.ActiveCfg = Release|Any CPU
		{D66338D4-F9E4-4051-B302-232C6BFB6EF6}.Release|Any CPU.Build.0 = Release|Any CPU
		{D66338D4-F9E4-4051-B302-232C6BFB6EF6}.Release|arm.ActiveCfg = Release|arm
		{D66338D4-F9E4-4051-B302-232C6BFB6EF6}.Release|arm.Build.0 = Release|arm
		{D66338D4-F9E4-4051-B302-232C6BFB6EF6}.Release|arm64.ActiveCfg = Release|arm64
		{D66338D4-F9E4-4051-B302-232C6BFB6EF6}.Release|arm64.Build.0 = Release|arm64
		{D66338D4-F9E4-4051-B302-232C6BFB6EF6}.Release|armel.ActiveCfg = Release|armel
		{D66338D4-F9E4-4051-B302-232C6BFB6EF6}.Release|armel.Build.0 = Release|armel
		{D66338D4-F9E4-4051-B302-232C6BFB6EF6}.Release|x64.ActiveCfg = Release|Any CPU
		{D66338D4-F9E4-4051-B302-232C6BFB6EF6}.Release|x64.Build.0 = Release|Any CPU
		{D66338D4-F9E4-4051-B302-232C6BFB6EF6}.Release|x86.ActiveCfg = Release|x86
		{D66338D4-F9E4-4051-B302-232C6BFB6EF6}.Release|x86.Build.0 = Release|x86
		{A965EA82-219D-48F7-AD51-BC030C16CC6F}.Debug|Any CPU.ActiveCfg = Debug|Any CPU
		{A965EA82-219D-48F7-AD51-BC030C16CC6F}.Debug|Any CPU.Build.0 = Debug|Any CPU
		{A965EA82-219D-48F7-AD51-BC030C16CC6F}.Debug|arm.ActiveCfg = Debug|arm
		{A965EA82-219D-48F7-AD51-BC030C16CC6F}.Debug|arm.Build.0 = Debug|arm
		{A965EA82-219D-48F7-AD51-BC030C16CC6F}.Debug|arm64.ActiveCfg = Debug|arm64
		{A965EA82-219D-48F7-AD51-BC030C16CC6F}.Debug|arm64.Build.0 = Debug|arm64
		{A965EA82-219D-48F7-AD51-BC030C16CC6F}.Debug|armel.ActiveCfg = Debug|armel
		{A965EA82-219D-48F7-AD51-BC030C16CC6F}.Debug|armel.Build.0 = Debug|armel
		{A965EA82-219D-48F7-AD51-BC030C16CC6F}.Debug|x64.ActiveCfg = Debug|Any CPU
		{A965EA82-219D-48F7-AD51-BC030C16CC6F}.Debug|x64.Build.0 = Debug|Any CPU
		{A965EA82-219D-48F7-AD51-BC030C16CC6F}.Debug|x86.ActiveCfg = Debug|x86
		{A965EA82-219D-48F7-AD51-BC030C16CC6F}.Debug|x86.Build.0 = Debug|x86
		{A965EA82-219D-48F7-AD51-BC030C16CC6F}.Release|Any CPU.ActiveCfg = Release|Any CPU
		{A965EA82-219D-48F7-AD51-BC030C16CC6F}.Release|Any CPU.Build.0 = Release|Any CPU
		{A965EA82-219D-48F7-AD51-BC030C16CC6F}.Release|arm.ActiveCfg = Release|arm
		{A965EA82-219D-48F7-AD51-BC030C16CC6F}.Release|arm.Build.0 = Release|arm
		{A965EA82-219D-48F7-AD51-BC030C16CC6F}.Release|arm64.ActiveCfg = Release|arm64
		{A965EA82-219D-48F7-AD51-BC030C16CC6F}.Release|arm64.Build.0 = Release|arm64
		{A965EA82-219D-48F7-AD51-BC030C16CC6F}.Release|armel.ActiveCfg = Release|armel
		{A965EA82-219D-48F7-AD51-BC030C16CC6F}.Release|armel.Build.0 = Release|armel
		{A965EA82-219D-48F7-AD51-BC030C16CC6F}.Release|x64.ActiveCfg = Release|Any CPU
		{A965EA82-219D-48F7-AD51-BC030C16CC6F}.Release|x64.Build.0 = Release|Any CPU
		{A965EA82-219D-48F7-AD51-BC030C16CC6F}.Release|x86.ActiveCfg = Release|x86
		{A965EA82-219D-48F7-AD51-BC030C16CC6F}.Release|x86.Build.0 = Release|x86
		{971AE7E7-08C6-48B4-902A-63851E6DAC66}.Debug|Any CPU.ActiveCfg = Debug|Any CPU
		{971AE7E7-08C6-48B4-902A-63851E6DAC66}.Debug|Any CPU.Build.0 = Debug|Any CPU
		{971AE7E7-08C6-48B4-902A-63851E6DAC66}.Debug|arm.ActiveCfg = Debug|arm
		{971AE7E7-08C6-48B4-902A-63851E6DAC66}.Debug|arm.Build.0 = Debug|arm
		{971AE7E7-08C6-48B4-902A-63851E6DAC66}.Debug|arm64.ActiveCfg = Debug|arm64
		{971AE7E7-08C6-48B4-902A-63851E6DAC66}.Debug|arm64.Build.0 = Debug|arm64
		{971AE7E7-08C6-48B4-902A-63851E6DAC66}.Debug|armel.ActiveCfg = Debug|armel
		{971AE7E7-08C6-48B4-902A-63851E6DAC66}.Debug|armel.Build.0 = Debug|armel
		{971AE7E7-08C6-48B4-902A-63851E6DAC66}.Debug|x64.ActiveCfg = Debug|x64
		{971AE7E7-08C6-48B4-902A-63851E6DAC66}.Debug|x64.Build.0 = Debug|x64
		{971AE7E7-08C6-48B4-902A-63851E6DAC66}.Debug|x86.ActiveCfg = Debug|x86
		{971AE7E7-08C6-48B4-902A-63851E6DAC66}.Debug|x86.Build.0 = Debug|x86
		{971AE7E7-08C6-48B4-902A-63851E6DAC66}.Release|Any CPU.ActiveCfg = Release|Any CPU
		{971AE7E7-08C6-48B4-902A-63851E6DAC66}.Release|Any CPU.Build.0 = Release|Any CPU
		{971AE7E7-08C6-48B4-902A-63851E6DAC66}.Release|arm.ActiveCfg = Release|arm
		{971AE7E7-08C6-48B4-902A-63851E6DAC66}.Release|arm.Build.0 = Release|arm
		{971AE7E7-08C6-48B4-902A-63851E6DAC66}.Release|arm64.ActiveCfg = Release|arm64
		{971AE7E7-08C6-48B4-902A-63851E6DAC66}.Release|arm64.Build.0 = Release|arm64
		{971AE7E7-08C6-48B4-902A-63851E6DAC66}.Release|armel.ActiveCfg = Release|armel
		{971AE7E7-08C6-48B4-902A-63851E6DAC66}.Release|armel.Build.0 = Release|armel
		{971AE7E7-08C6-48B4-902A-63851E6DAC66}.Release|x64.ActiveCfg = Release|x64
		{971AE7E7-08C6-48B4-902A-63851E6DAC66}.Release|x64.Build.0 = Release|x64
		{971AE7E7-08C6-48B4-902A-63851E6DAC66}.Release|x86.ActiveCfg = Release|x86
		{971AE7E7-08C6-48B4-902A-63851E6DAC66}.Release|x86.Build.0 = Release|x86
	EndGlobalSection
	GlobalSection(SolutionProperties) = preSolution
		HideSolutionNode = FALSE
	EndGlobalSection
EndGlobal
