
Microsoft Visual Studio Solution File, Format Version 12.00
# Visual Studio 15
VisualStudioVersion = 15.0.26228.9
MinimumVisualStudioVersion = 10.0.40219.1
Project("{FAE04EC0-301F-11D3-BF4B-00C04F79EFBC}") = "System.Private.CoreLib", "System.Private.CoreLib.csproj", "{BE95C560-B508-4588-8907-F9FC5BC1A0CF}"
EndProject
Global
	GlobalSection(SharedMSBuildProjectFiles) = preSolution
		..\shared\System.Private.CoreLib.Shared.projitems*{be95c560-b508-4588-8907-f9fc5bc1a0cf}*SharedItemsImports = 4
	EndGlobalSection
	GlobalSection(SolutionConfigurationPlatforms) = preSolution
		Debug|arm = Debug|arm
		Debug|arm64 = Debug|arm64
		Debug|armel = Debug|armel
		Debug|wasm = Debug|wasm
		Debug|x64 = Debug|x64
		Debug|x86 = Debug|x86
		Release|arm = Release|arm
		Release|arm64 = Release|arm64
		Release|armel = Release|armel
		Release|wasm = Release|wasm
		Release|x64 = Release|x64
		Release|x86 = Release|x86
	EndGlobalSection
	GlobalSection(ProjectConfigurationPlatforms) = postSolution
		{BE95C560-B508-4588-8907-F9FC5BC1A0CF}.Debug|arm.ActiveCfg = Debug|arm
		{BE95C560-B508-4588-8907-F9FC5BC1A0CF}.Debug|arm.Build.0 = Debug|arm
		{BE95C560-B508-4588-8907-F9FC5BC1A0CF}.Debug|arm64.ActiveCfg = Debug|arm64
		{BE95C560-B508-4588-8907-F9FC5BC1A0CF}.Debug|arm64.Build.0 = Debug|arm64
		{BE95C560-B508-4588-8907-F9FC5BC1A0CF}.Debug|armel.ActiveCfg = Debug|armel
		{BE95C560-B508-4588-8907-F9FC5BC1A0CF}.Debug|armel.Build.0 = Debug|armel
		{BE95C560-B508-4588-8907-F9FC5BC1A0CF}.Debug|wasm.ActiveCfg = Debug|wasm
		{BE95C560-B508-4588-8907-F9FC5BC1A0CF}.Debug|wasm.Build.0 = Debug|wasm
		{BE95C560-B508-4588-8907-F9FC5BC1A0CF}.Debug|x64.ActiveCfg = Debug|x64
		{BE95C560-B508-4588-8907-F9FC5BC1A0CF}.Debug|x64.Build.0 = Debug|x64
		{BE95C560-B508-4588-8907-F9FC5BC1A0CF}.Debug|x86.ActiveCfg = Debug|x86
		{BE95C560-B508-4588-8907-F9FC5BC1A0CF}.Debug|x86.Build.0 = Debug|x86
		{BE95C560-B508-4588-8907-F9FC5BC1A0CF}.Release|arm.ActiveCfg = Release|arm
		{BE95C560-B508-4588-8907-F9FC5BC1A0CF}.Release|arm.Build.0 = Release|arm
		{BE95C560-B508-4588-8907-F9FC5BC1A0CF}.Release|arm64.ActiveCfg = Release|arm64
		{BE95C560-B508-4588-8907-F9FC5BC1A0CF}.Release|arm64.Build.0 = Release|arm64
		{BE95C560-B508-4588-8907-F9FC5BC1A0CF}.Release|armel.ActiveCfg = Release|armel
		{BE95C560-B508-4588-8907-F9FC5BC1A0CF}.Release|armel.Build.0 = Release|armel
		{BE95C560-B508-4588-8907-F9FC5BC1A0CF}.Release|wasm.ActiveCfg = Release|wasm
		{BE95C560-B508-4588-8907-F9FC5BC1A0CF}.Release|wasm.Build.0 = Release|wasm
		{BE95C560-B508-4588-8907-F9FC5BC1A0CF}.Release|x64.ActiveCfg = Release|x64
		{BE95C560-B508-4588-8907-F9FC5BC1A0CF}.Release|x64.Build.0 = Release|x64
		{BE95C560-B508-4588-8907-F9FC5BC1A0CF}.Release|x86.ActiveCfg = Release|x86
		{BE95C560-B508-4588-8907-F9FC5BC1A0CF}.Release|x86.Build.0 = Release|x86
	EndGlobalSection
	GlobalSection(SolutionProperties) = preSolution
		HideSolutionNode = FALSE
	EndGlobalSection
	GlobalSection(ExtensibilityGlobals) = postSolution
		SolutionGuid = {FFF728A1-6A01-4D73-9FB2-E8DC24CC692B}
	EndGlobalSection
EndGlobal
