
Microsoft Visual Studio Solution File, Format Version 12.00
# Visual Studio 15
VisualStudioVersion = 15.0.26430.16
MinimumVisualStudioVersion = 10.0.40219.1
Project("{9A19103F-16F7-4668-BE54-9A1E7A4F7556}") = "ILCompiler.Compiler.Tests", "tests\ILCompiler.Compiler.Tests.csproj", "{A0BB7B15-1E33-4F22-9A2E-6899E6FC669B}"
EndProject
Project("{9A19103F-16F7-4668-BE54-9A1E7A4F7556}") = "ILCompiler.Compiler", "src\ILCompiler.Compiler.csproj", "{395E8F7D-52A1-4E69-A4F5-40D94FB6A81B}"
EndProject
Project("{9A19103F-16F7-4668-BE54-9A1E7A4F7556}") = "ILCompiler.TypeSystem", "..\ILCompiler.TypeSystem\src\ILCompiler.TypeSystem.csproj", "{846B4638-43AE-452F-B171-D8DB600F1284}"
EndProject
Project("{FAE04EC0-301F-11D3-BF4B-00C04F79EFBC}") = "ILCompiler.Compiler.Tests.Assets", "tests\ILCompiler.Compiler.Tests.Assets\ILCompiler.Compiler.Tests.Assets.csproj", "{94D3F829-6ACA-4399-B6CF-EE0486E1E36A}"
EndProject
Project("{FAE04EC0-301F-11D3-BF4B-00C04F79EFBC}") = "Test.CoreLib", "..\Test.CoreLib\src\Test.CoreLib.csproj", "{22C898F5-CE3A-4BE4-87B0-1E2F29ECB5D6}"
EndProject
Global
	GlobalSection(SolutionConfigurationPlatforms) = preSolution
		Debug|Any CPU = Debug|Any CPU
		Debug|arm = Debug|arm
		Debug|arm64 = Debug|arm64
		Debug|armel = Debug|armel
		Debug|x64 = Debug|x64
		Debug|x86 = Debug|x86
		Release|Any CPU = Release|Any CPU
		Release|arm = Release|arm
		Release|arm64 = Release|arm64
		Release|armel = Release|armel
		Release|x64 = Release|x64
		Release|x86 = Release|x86
	EndGlobalSection
	GlobalSection(ProjectConfigurationPlatforms) = postSolution
		{A0BB7B15-1E33-4F22-9A2E-6899E6FC669B}.Debug|Any CPU.ActiveCfg = Debug|x86
		{A0BB7B15-1E33-4F22-9A2E-6899E6FC669B}.Debug|arm.ActiveCfg = Debug|arm
		{A0BB7B15-1E33-4F22-9A2E-6899E6FC669B}.Debug|arm.Build.0 = Debug|arm
		{A0BB7B15-1E33-4F22-9A2E-6899E6FC669B}.Debug|arm64.ActiveCfg = Debug|arm64
		{A0BB7B15-1E33-4F22-9A2E-6899E6FC669B}.Debug|arm64.Build.0 = Debug|arm64
		{A0BB7B15-1E33-4F22-9A2E-6899E6FC669B}.Debug|armel.ActiveCfg = Debug|armel
		{A0BB7B15-1E33-4F22-9A2E-6899E6FC669B}.Debug|armel.Build.0 = Debug|armel
		{A0BB7B15-1E33-4F22-9A2E-6899E6FC669B}.Debug|x64.ActiveCfg = Debug|x64
		{A0BB7B15-1E33-4F22-9A2E-6899E6FC669B}.Debug|x64.Build.0 = Debug|x64
		{A0BB7B15-1E33-4F22-9A2E-6899E6FC669B}.Debug|x86.ActiveCfg = Debug|x86
		{A0BB7B15-1E33-4F22-9A2E-6899E6FC669B}.Debug|x86.Build.0 = Debug|x86
		{A0BB7B15-1E33-4F22-9A2E-6899E6FC669B}.Release|Any CPU.ActiveCfg = Release|x86
		{A0BB7B15-1E33-4F22-9A2E-6899E6FC669B}.Release|arm.ActiveCfg = Release|arm
		{A0BB7B15-1E33-4F22-9A2E-6899E6FC669B}.Release|arm.Build.0 = Release|arm
		{A0BB7B15-1E33-4F22-9A2E-6899E6FC669B}.Release|arm64.ActiveCfg = Release|arm64
		{A0BB7B15-1E33-4F22-9A2E-6899E6FC669B}.Release|arm64.Build.0 = Release|arm64
		{A0BB7B15-1E33-4F22-9A2E-6899E6FC669B}.Release|armel.ActiveCfg = Release|armel
		{A0BB7B15-1E33-4F22-9A2E-6899E6FC669B}.Release|armel.Build.0 = Release|armel
		{A0BB7B15-1E33-4F22-9A2E-6899E6FC669B}.Release|x64.ActiveCfg = Release|x64
		{A0BB7B15-1E33-4F22-9A2E-6899E6FC669B}.Release|x64.Build.0 = Release|x64
		{A0BB7B15-1E33-4F22-9A2E-6899E6FC669B}.Release|x86.ActiveCfg = Release|x86
		{A0BB7B15-1E33-4F22-9A2E-6899E6FC669B}.Release|x86.Build.0 = Release|x86
		{395E8F7D-52A1-4E69-A4F5-40D94FB6A81B}.Debug|Any CPU.ActiveCfg = Debug|x86
		{395E8F7D-52A1-4E69-A4F5-40D94FB6A81B}.Debug|arm.ActiveCfg = Debug|arm
		{395E8F7D-52A1-4E69-A4F5-40D94FB6A81B}.Debug|arm.Build.0 = Debug|arm
		{395E8F7D-52A1-4E69-A4F5-40D94FB6A81B}.Debug|arm64.ActiveCfg = Debug|arm64
		{395E8F7D-52A1-4E69-A4F5-40D94FB6A81B}.Debug|arm64.Build.0 = Debug|arm64
		{395E8F7D-52A1-4E69-A4F5-40D94FB6A81B}.Debug|armel.ActiveCfg = Debug|armel
		{395E8F7D-52A1-4E69-A4F5-40D94FB6A81B}.Debug|armel.Build.0 = Debug|armel
		{395E8F7D-52A1-4E69-A4F5-40D94FB6A81B}.Debug|x64.ActiveCfg = Debug|x64
		{395E8F7D-52A1-4E69-A4F5-40D94FB6A81B}.Debug|x64.Build.0 = Debug|x64
		{395E8F7D-52A1-4E69-A4F5-40D94FB6A81B}.Debug|x86.ActiveCfg = Debug|x86
		{395E8F7D-52A1-4E69-A4F5-40D94FB6A81B}.Debug|x86.Build.0 = Debug|x86
		{395E8F7D-52A1-4E69-A4F5-40D94FB6A81B}.Release|Any CPU.ActiveCfg = Release|x86
		{395E8F7D-52A1-4E69-A4F5-40D94FB6A81B}.Release|arm.ActiveCfg = Release|arm
		{395E8F7D-52A1-4E69-A4F5-40D94FB6A81B}.Release|arm.Build.0 = Release|arm
		{395E8F7D-52A1-4E69-A4F5-40D94FB6A81B}.Release|arm64.ActiveCfg = Release|arm64
		{395E8F7D-52A1-4E69-A4F5-40D94FB6A81B}.Release|arm64.Build.0 = Release|arm64
		{395E8F7D-52A1-4E69-A4F5-40D94FB6A81B}.Release|armel.ActiveCfg = Release|armel
		{395E8F7D-52A1-4E69-A4F5-40D94FB6A81B}.Release|armel.Build.0 = Release|armel
		{395E8F7D-52A1-4E69-A4F5-40D94FB6A81B}.Release|x64.ActiveCfg = Release|x64
		{395E8F7D-52A1-4E69-A4F5-40D94FB6A81B}.Release|x64.Build.0 = Release|x64
		{395E8F7D-52A1-4E69-A4F5-40D94FB6A81B}.Release|x86.ActiveCfg = Release|x86
		{395E8F7D-52A1-4E69-A4F5-40D94FB6A81B}.Release|x86.Build.0 = Release|x86
		{846B4638-43AE-452F-B171-D8DB600F1284}.Debug|Any CPU.ActiveCfg = Debug|x86
		{846B4638-43AE-452F-B171-D8DB600F1284}.Debug|arm.ActiveCfg = Debug|arm
		{846B4638-43AE-452F-B171-D8DB600F1284}.Debug|arm.Build.0 = Debug|arm
		{846B4638-43AE-452F-B171-D8DB600F1284}.Debug|arm64.ActiveCfg = Debug|arm64
		{846B4638-43AE-452F-B171-D8DB600F1284}.Debug|arm64.Build.0 = Debug|arm64
		{846B4638-43AE-452F-B171-D8DB600F1284}.Debug|armel.ActiveCfg = Debug|armel
		{846B4638-43AE-452F-B171-D8DB600F1284}.Debug|armel.Build.0 = Debug|armel
		{846B4638-43AE-452F-B171-D8DB600F1284}.Debug|x64.ActiveCfg = Debug|x64
		{846B4638-43AE-452F-B171-D8DB600F1284}.Debug|x64.Build.0 = Debug|x64
		{846B4638-43AE-452F-B171-D8DB600F1284}.Debug|x86.ActiveCfg = Debug|x86
		{846B4638-43AE-452F-B171-D8DB600F1284}.Debug|x86.Build.0 = Debug|x86
		{846B4638-43AE-452F-B171-D8DB600F1284}.Release|Any CPU.ActiveCfg = Release|x86
		{846B4638-43AE-452F-B171-D8DB600F1284}.Release|arm.ActiveCfg = Release|arm
		{846B4638-43AE-452F-B171-D8DB600F1284}.Release|arm.Build.0 = Release|arm
		{846B4638-43AE-452F-B171-D8DB600F1284}.Release|arm64.ActiveCfg = Release|arm64
		{846B4638-43AE-452F-B171-D8DB600F1284}.Release|arm64.Build.0 = Release|arm64
		{846B4638-43AE-452F-B171-D8DB600F1284}.Release|armel.ActiveCfg = Release|armel
		{846B4638-43AE-452F-B171-D8DB600F1284}.Release|armel.Build.0 = Release|armel
		{846B4638-43AE-452F-B171-D8DB600F1284}.Release|x64.ActiveCfg = Release|x64
		{846B4638-43AE-452F-B171-D8DB600F1284}.Release|x64.Build.0 = Release|x64
		{846B4638-43AE-452F-B171-D8DB600F1284}.Release|x86.ActiveCfg = Release|x86
		{846B4638-43AE-452F-B171-D8DB600F1284}.Release|x86.Build.0 = Release|x86
		{94D3F829-6ACA-4399-B6CF-EE0486E1E36A}.Debug|Any CPU.ActiveCfg = Debug|Any CPU
		{94D3F829-6ACA-4399-B6CF-EE0486E1E36A}.Debug|Any CPU.Build.0 = Debug|Any CPU
		{94D3F829-6ACA-4399-B6CF-EE0486E1E36A}.Debug|arm.ActiveCfg = Debug|Any CPU
		{94D3F829-6ACA-4399-B6CF-EE0486E1E36A}.Debug|arm.Build.0 = Debug|Any CPU
		{94D3F829-6ACA-4399-B6CF-EE0486E1E36A}.Debug|arm64.ActiveCfg = Debug|Any CPU
		{94D3F829-6ACA-4399-B6CF-EE0486E1E36A}.Debug|arm64.Build.0 = Debug|Any CPU
		{94D3F829-6ACA-4399-B6CF-EE0486E1E36A}.Debug|armel.ActiveCfg = Debug|Any CPU
		{94D3F829-6ACA-4399-B6CF-EE0486E1E36A}.Debug|armel.Build.0 = Debug|Any CPU
		{94D3F829-6ACA-4399-B6CF-EE0486E1E36A}.Debug|x64.ActiveCfg = Debug|Any CPU
		{94D3F829-6ACA-4399-B6CF-EE0486E1E36A}.Debug|x64.Build.0 = Debug|Any CPU
		{94D3F829-6ACA-4399-B6CF-EE0486E1E36A}.Debug|x86.ActiveCfg = Debug|Any CPU
		{94D3F829-6ACA-4399-B6CF-EE0486E1E36A}.Debug|x86.Build.0 = Debug|Any CPU
		{94D3F829-6ACA-4399-B6CF-EE0486E1E36A}.Release|Any CPU.ActiveCfg = Debug|Any CPU
		{94D3F829-6ACA-4399-B6CF-EE0486E1E36A}.Release|Any CPU.Build.0 = Debug|Any CPU
		{94D3F829-6ACA-4399-B6CF-EE0486E1E36A}.Release|arm.ActiveCfg = Debug|Any CPU
		{94D3F829-6ACA-4399-B6CF-EE0486E1E36A}.Release|arm.Build.0 = Debug|Any CPU
		{94D3F829-6ACA-4399-B6CF-EE0486E1E36A}.Release|arm64.ActiveCfg = Debug|Any CPU
		{94D3F829-6ACA-4399-B6CF-EE0486E1E36A}.Release|arm64.Build.0 = Debug|Any CPU
		{94D3F829-6ACA-4399-B6CF-EE0486E1E36A}.Release|armel.ActiveCfg = Debug|Any CPU
		{94D3F829-6ACA-4399-B6CF-EE0486E1E36A}.Release|armel.Build.0 = Debug|Any CPU
		{94D3F829-6ACA-4399-B6CF-EE0486E1E36A}.Release|x64.ActiveCfg = Debug|Any CPU
		{94D3F829-6ACA-4399-B6CF-EE0486E1E36A}.Release|x64.Build.0 = Debug|Any CPU
		{94D3F829-6ACA-4399-B6CF-EE0486E1E36A}.Release|x86.ActiveCfg = Debug|Any CPU
		{94D3F829-6ACA-4399-B6CF-EE0486E1E36A}.Release|x86.Build.0 = Debug|Any CPU
		{22C898F5-CE3A-4BE4-87B0-1E2F29ECB5D6}.Debug|Any CPU.ActiveCfg = Debug|x86
		{22C898F5-CE3A-4BE4-87B0-1E2F29ECB5D6}.Debug|arm.ActiveCfg = Debug|arm
		{22C898F5-CE3A-4BE4-87B0-1E2F29ECB5D6}.Debug|arm.Build.0 = Debug|arm
		{22C898F5-CE3A-4BE4-87B0-1E2F29ECB5D6}.Debug|arm64.ActiveCfg = Debug|arm64
		{22C898F5-CE3A-4BE4-87B0-1E2F29ECB5D6}.Debug|arm64.Build.0 = Debug|arm64
		{22C898F5-CE3A-4BE4-87B0-1E2F29ECB5D6}.Debug|armel.ActiveCfg = Debug|armel
		{22C898F5-CE3A-4BE4-87B0-1E2F29ECB5D6}.Debug|armel.Build.0 = Debug|armel
		{22C898F5-CE3A-4BE4-87B0-1E2F29ECB5D6}.Debug|x64.ActiveCfg = Debug|x64
		{22C898F5-CE3A-4BE4-87B0-1E2F29ECB5D6}.Debug|x64.Build.0 = Debug|x64
		{22C898F5-CE3A-4BE4-87B0-1E2F29ECB5D6}.Debug|x86.ActiveCfg = Debug|x86
		{22C898F5-CE3A-4BE4-87B0-1E2F29ECB5D6}.Debug|x86.Build.0 = Debug|x86
		{22C898F5-CE3A-4BE4-87B0-1E2F29ECB5D6}.Release|Any CPU.ActiveCfg = Debug|arm64
		{22C898F5-CE3A-4BE4-87B0-1E2F29ECB5D6}.Release|Any CPU.Build.0 = Debug|arm64
		{22C898F5-CE3A-4BE4-87B0-1E2F29ECB5D6}.Release|arm.ActiveCfg = Debug|arm
		{22C898F5-CE3A-4BE4-87B0-1E2F29ECB5D6}.Release|arm.Build.0 = Debug|arm
		{22C898F5-CE3A-4BE4-87B0-1E2F29ECB5D6}.Release|arm64.ActiveCfg = Debug|arm64
		{22C898F5-CE3A-4BE4-87B0-1E2F29ECB5D6}.Release|arm64.Build.0 = Debug|arm64
		{22C898F5-CE3A-4BE4-87B0-1E2F29ECB5D6}.Release|armel.ActiveCfg = Debug|armel
		{22C898F5-CE3A-4BE4-87B0-1E2F29ECB5D6}.Release|armel.Build.0 = Debug|armel
		{22C898F5-CE3A-4BE4-87B0-1E2F29ECB5D6}.Release|x64.ActiveCfg = Debug|x64
		{22C898F5-CE3A-4BE4-87B0-1E2F29ECB5D6}.Release|x64.Build.0 = Debug|x64
		{22C898F5-CE3A-4BE4-87B0-1E2F29ECB5D6}.Release|x86.ActiveCfg = Debug|x86
		{22C898F5-CE3A-4BE4-87B0-1E2F29ECB5D6}.Release|x86.Build.0 = Debug|x86
	EndGlobalSection
	GlobalSection(SolutionProperties) = preSolution
		HideSolutionNode = FALSE
	EndGlobalSection
EndGlobal
