
Microsoft Visual Studio Solution File, Format Version 12.00
# Visual Studio 15
VisualStudioVersion = 15.0.26510.0
MinimumVisualStudioVersion = 10.0.40219.1
Project("{9A19103F-16F7-4668-BE54-9A1E7A4F7556}") = "ILVerify", "src\ILVerify.csproj", "{56AA4730-39A4-4B48-95E9-89E8A29F0A06}"
EndProject
Project("{9A19103F-16F7-4668-BE54-9A1E7A4F7556}") = "ILVerification", "..\ILVerification\src\ILVerification.csproj", "{6166B258-3D41-4431-88D9-510FAF5E6927}"
EndProject
Project("{9A19103F-16F7-4668-BE54-9A1E7A4F7556}") = "ILVerification.Tests", "..\ILVerification\tests\ILVerification.Tests.csproj", "{894F0BC9-31D1-42D0-9C3F-4FC9A41CD07E}"
EndProject
Global
	GlobalSection(SolutionConfigurationPlatforms) = preSolution
		Debug|Any CPU = Debug|Any CPU
		Release|Any CPU = Release|Any CPU
	EndGlobalSection
	GlobalSection(ProjectConfigurationPlatforms) = postSolution
		{56AA4730-39A4-4B48-95E9-89E8A29F0A06}.Debug|Any CPU.ActiveCfg = Debug|Any CPU
		{56AA4730-39A4-4B48-95E9-89E8A29F0A06}.Debug|Any CPU.Build.0 = Debug|Any CPU
		{56AA4730-39A4-4B48-95E9-89E8A29F0A06}.Release|Any CPU.ActiveCfg = Release|Any CPU
		{56AA4730-39A4-4B48-95E9-89E8A29F0A06}.Release|Any CPU.Build.0 = Release|Any CPU
		{6166B258-3D41-4431-88D9-510FAF5E6927}.Debug|Any CPU.ActiveCfg = Debug|Any CPU
		{6166B258-3D41-4431-88D9-510FAF5E6927}.Debug|Any CPU.Build.0 = Debug|Any CPU
		{6166B258-3D41-4431-88D9-510FAF5E6927}.Release|Any CPU.ActiveCfg = Release|Any CPU
		{6166B258-3D41-4431-88D9-510FAF5E6927}.Release|Any CPU.Build.0 = Release|Any CPU
		{894F0BC9-31D1-42D0-9C3F-4FC9A41CD07E}.Debug|Any CPU.ActiveCfg = Debug|Any CPU
		{894F0BC9-31D1-42D0-9C3F-4FC9A41CD07E}.Debug|Any CPU.Build.0 = Debug|Any CPU
		{894F0BC9-31D1-42D0-9C3F-4FC9A41CD07E}.Release|Any CPU.ActiveCfg = Release|Any CPU
		{894F0BC9-31D1-42D0-9C3F-4FC9A41CD07E}.Release|Any CPU.Build.0 = Release|Any CPU
	EndGlobalSection
	GlobalSection(SolutionProperties) = preSolution
		HideSolutionNode = FALSE
	EndGlobalSection
	GlobalSection(ExtensibilityGlobals) = postSolution
		SolutionGuid = {3B6C08A7-1F82-4EC0-9CA7-1F07716F36B1}
	EndGlobalSection
EndGlobal
