
Microsoft Visual Studio Solution File, Format Version 12.00
# Visual Studio Version 16
VisualStudioVersion = 16.0.30413.136
MinimumVisualStudioVersion = 10.0.40219.1
Project("{9A19103F-16F7-4668-BE54-9A1E7A4F7556}") = "System.Private.WebAssembly", "System.Private.WebAssembly.csproj", "{A47FF380-20A6-4A59-8B92-E8C9E73B13D2}"
EndProject
Global
	GlobalSection(SolutionConfigurationPlatforms) = preSolution
		Debug|Any CPU = Debug|Any CPU
		Release|Any CPU = Release|Any CPU
	EndGlobalSection
	GlobalSection(ProjectConfigurationPlatforms) = postSolution
		{A47FF380-20A6-4A59-8B92-E8C9E73B13D2}.Debug|Any CPU.ActiveCfg = Debug|Any CPU
		{A47FF380-20A6-4A59-8B92-E8C9E73B13D2}.Debug|Any CPU.Build.0 = Debug|Any CPU
		{A47FF380-20A6-4A59-8B92-E8C9E73B13D2}.Release|Any CPU.ActiveCfg = Release|Any CPU
		{A47FF380-20A6-4A59-8B92-E8C9E73B13D2}.Release|Any CPU.Build.0 = Release|Any CPU
	EndGlobalSection
	GlobalSection(SolutionProperties) = preSolution
		HideSolutionNode = FALSE
	EndGlobalSection
	GlobalSection(ExtensibilityGlobals) = postSolution
		SolutionGuid = {79A9162D-3CA7-402A-B9D8-3CF1FEC8A2AA}
	EndGlobalSection
EndGlobal
